// !$*UTF8*$!
{
	archiveVersion = 1;
	classes = {
	};
	objectVersion = 51;
	objects = {

/* Begin PBXBuildFile section */
		08E26EAA2804C99184457697 /* Pods_DSSLIC.framework in Frameworks */ = {isa = PBXBuildFile; fileRef = 2C146FCFB1F3A354FDA4A04F /* Pods_DSSLIC.framework */; };
		A2F60E2055CCE881A409303E /* Pods_DSSLICUITests.framework in Frameworks */ = {isa = PBXBuildFile; fileRef = FFD803F6296D5BE47E597DE1 /* Pods_DSSLICUITests.framework */; };
		C65E5B6099CFACC405B5D638 /* Pods_DSSLICTests.framework in Frameworks */ = {isa = PBXBuildFile; fileRef = A7635657968292CFF82CDC01 /* Pods_DSSLICTests.framework */; };
		E6E36A5723663DF2005ED894 /* AppDelegate.swift in Sources */ = {isa = PBXBuildFile; fileRef = E6E36A5623663DF2005ED894 /* AppDelegate.swift */; };
		E6E36A5923663DF2005ED894 /* FirstViewController.swift in Sources */ = {isa = PBXBuildFile; fileRef = E6E36A5823663DF2005ED894 /* FirstViewController.swift */; };
		E6E36A5C23663DF2005ED894 /* Main.storyboard in Resources */ = {isa = PBXBuildFile; fileRef = E6E36A5A23663DF2005ED894 /* Main.storyboard */; };
		E6E36A5E23663DF4005ED894 /* Assets.xcassets in Resources */ = {isa = PBXBuildFile; fileRef = E6E36A5D23663DF4005ED894 /* Assets.xcassets */; };
		E6E36A6123663DF4005ED894 /* LaunchScreen.storyboard in Resources */ = {isa = PBXBuildFile; fileRef = E6E36A5F23663DF4005ED894 /* LaunchScreen.storyboard */; };
		E6E36A6C23663DF4005ED894 /* DSSLICTests.swift in Sources */ = {isa = PBXBuildFile; fileRef = E6E36A6B23663DF4005ED894 /* DSSLICTests.swift */; };
		E6E36A7723663DF4005ED894 /* DSSLICUITests.swift in Sources */ = {isa = PBXBuildFile; fileRef = E6E36A7623663DF4005ED894 /* DSSLICUITests.swift */; };
		E6E36A8923663E52005ED894 /* UIImage+CVPixelBuffer.swift in Sources */ = {isa = PBXBuildFile; fileRef = E6E36A8423663E51005ED894 /* UIImage+CVPixelBuffer.swift */; };
		E6E36A8A23663E52005ED894 /* SecondViewController.swift in Sources */ = {isa = PBXBuildFile; fileRef = E6E36A8623663E52005ED894 /* SecondViewController.swift */; };
		E6E36A8B23663E52005ED894 /* RGBAImage.swift in Sources */ = {isa = PBXBuildFile; fileRef = E6E36A8723663E52005ED894 /* RGBAImage.swift */; };
		E6E36A8C23663E52005ED894 /* CGImage+CVPixelBuffer.swift in Sources */ = {isa = PBXBuildFile; fileRef = E6E36A8823663E52005ED894 /* CGImage+CVPixelBuffer.swift */; };
		E6E36A9023663E95005ED894 /* Pictures in Resources */ = {isa = PBXBuildFile; fileRef = E6E36A8F23663E94005ED894 /* Pictures */; };
		E6E36A94236640CC005ED894 /* Model.mlmodel in Sources */ = {isa = PBXBuildFile; fileRef = E6E36A92236640CC005ED894 /* Model.mlmodel */; };
		E6E36A9723664110005ED894 /* SSIM.m in Sources */ = {isa = PBXBuildFile; fileRef = E6E36A9623664110005ED894 /* SSIM.m */; };
/* End PBXBuildFile section */

/* Begin PBXContainerItemProxy section */
		E6E36A6823663DF4005ED894 /* PBXContainerItemProxy */ = {
			isa = PBXContainerItemProxy;
			containerPortal = E6E36A4B23663DF2005ED894 /* Project object */;
			proxyType = 1;
			remoteGlobalIDString = E6E36A5223663DF2005ED894;
			remoteInfo = DSSLIC;
		};
		E6E36A7323663DF4005ED894 /* PBXContainerItemProxy */ = {
			isa = PBXContainerItemProxy;
			containerPortal = E6E36A4B23663DF2005ED894 /* Project object */;
			proxyType = 1;
			remoteGlobalIDString = E6E36A5223663DF2005ED894;
			remoteInfo = DSSLIC;
		};
/* End PBXContainerItemProxy section */

/* Begin PBXFileReference section */
		01A551F701073B2ABCB13B67 /* Pods-DSSLICUITests.debug.xcconfig */ = {isa = PBXFileReference; includeInIndex = 1; lastKnownFileType = text.xcconfig; name = "Pods-DSSLICUITests.debug.xcconfig"; path = "Target Support Files/Pods-DSSLICUITests/Pods-DSSLICUITests.debug.xcconfig"; sourceTree = "<group>"; };
		2C146FCFB1F3A354FDA4A04F /* Pods_DSSLIC.framework */ = {isa = PBXFileReference; explicitFileType = wrapper.framework; includeInIndex = 0; path = Pods_DSSLIC.framework; sourceTree = BUILT_PRODUCTS_DIR; };
		521987A803FB04134DA0485A /* Pods-DSSLICTests.debug.xcconfig */ = {isa = PBXFileReference; includeInIndex = 1; lastKnownFileType = text.xcconfig; name = "Pods-DSSLICTests.debug.xcconfig"; path = "Target Support Files/Pods-DSSLICTests/Pods-DSSLICTests.debug.xcconfig"; sourceTree = "<group>"; };
		6CE6BF916DD595AFAED625C6 /* Pods-DSSLICUITests.release.xcconfig */ = {isa = PBXFileReference; includeInIndex = 1; lastKnownFileType = text.xcconfig; name = "Pods-DSSLICUITests.release.xcconfig"; path = "Target Support Files/Pods-DSSLICUITests/Pods-DSSLICUITests.release.xcconfig"; sourceTree = "<group>"; };
		A7635657968292CFF82CDC01 /* Pods_DSSLICTests.framework */ = {isa = PBXFileReference; explicitFileType = wrapper.framework; includeInIndex = 0; path = Pods_DSSLICTests.framework; sourceTree = BUILT_PRODUCTS_DIR; };
		C9D646605507BBEFB57E97EE /* Pods-DSSLICTests.release.xcconfig */ = {isa = PBXFileReference; includeInIndex = 1; lastKnownFileType = text.xcconfig; name = "Pods-DSSLICTests.release.xcconfig"; path = "Target Support Files/Pods-DSSLICTests/Pods-DSSLICTests.release.xcconfig"; sourceTree = "<group>"; };
		CC0469995A70E4CC135740DF /* Pods-DSSLIC.release.xcconfig */ = {isa = PBXFileReference; includeInIndex = 1; lastKnownFileType = text.xcconfig; name = "Pods-DSSLIC.release.xcconfig"; path = "Target Support Files/Pods-DSSLIC/Pods-DSSLIC.release.xcconfig"; sourceTree = "<group>"; };
		E6E36A5323663DF2005ED894 /* DSSLIC.app */ = {isa = PBXFileReference; explicitFileType = wrapper.application; includeInIndex = 0; path = DSSLIC.app; sourceTree = BUILT_PRODUCTS_DIR; };
		E6E36A5623663DF2005ED894 /* AppDelegate.swift */ = {isa = PBXFileReference; lastKnownFileType = sourcecode.swift; path = AppDelegate.swift; sourceTree = "<group>"; };
		E6E36A5823663DF2005ED894 /* FirstViewController.swift */ = {isa = PBXFileReference; lastKnownFileType = sourcecode.swift; path = FirstViewController.swift; sourceTree = "<group>"; };
		E6E36A5B23663DF2005ED894 /* Base */ = {isa = PBXFileReference; lastKnownFileType = file.storyboard; name = Base; path = Base.lproj/Main.storyboard; sourceTree = "<group>"; };
		E6E36A5D23663DF4005ED894 /* Assets.xcassets */ = {isa = PBXFileReference; lastKnownFileType = folder.assetcatalog; path = Assets.xcassets; sourceTree = "<group>"; };
		E6E36A6023663DF4005ED894 /* Base */ = {isa = PBXFileReference; lastKnownFileType = file.storyboard; name = Base; path = Base.lproj/LaunchScreen.storyboard; sourceTree = "<group>"; };
		E6E36A6223663DF4005ED894 /* Info.plist */ = {isa = PBXFileReference; lastKnownFileType = text.plist.xml; path = Info.plist; sourceTree = "<group>"; };
		E6E36A6723663DF4005ED894 /* DSSLICTests.xctest */ = {isa = PBXFileReference; explicitFileType = wrapper.cfbundle; includeInIndex = 0; path = DSSLICTests.xctest; sourceTree = BUILT_PRODUCTS_DIR; };
		E6E36A6B23663DF4005ED894 /* DSSLICTests.swift */ = {isa = PBXFileReference; lastKnownFileType = sourcecode.swift; path = DSSLICTests.swift; sourceTree = "<group>"; };
		E6E36A6D23663DF4005ED894 /* Info.plist */ = {isa = PBXFileReference; lastKnownFileType = text.plist.xml; path = Info.plist; sourceTree = "<group>"; };
		E6E36A7223663DF4005ED894 /* DSSLICUITests.xctest */ = {isa = PBXFileReference; explicitFileType = wrapper.cfbundle; includeInIndex = 0; path = DSSLICUITests.xctest; sourceTree = BUILT_PRODUCTS_DIR; };
		E6E36A7623663DF4005ED894 /* DSSLICUITests.swift */ = {isa = PBXFileReference; lastKnownFileType = sourcecode.swift; path = DSSLICUITests.swift; sourceTree = "<group>"; };
		E6E36A7823663DF4005ED894 /* Info.plist */ = {isa = PBXFileReference; lastKnownFileType = text.plist.xml; path = Info.plist; sourceTree = "<group>"; };
		E6E36A8423663E51005ED894 /* UIImage+CVPixelBuffer.swift */ = {isa = PBXFileReference; fileEncoding = 4; lastKnownFileType = sourcecode.swift; path = "UIImage+CVPixelBuffer.swift"; sourceTree = "<group>"; };
		E6E36A8623663E52005ED894 /* SecondViewController.swift */ = {isa = PBXFileReference; fileEncoding = 4; lastKnownFileType = sourcecode.swift; path = SecondViewController.swift; sourceTree = "<group>"; };
		E6E36A8723663E52005ED894 /* RGBAImage.swift */ = {isa = PBXFileReference; fileEncoding = 4; lastKnownFileType = sourcecode.swift; path = RGBAImage.swift; sourceTree = "<group>"; };
		E6E36A8823663E52005ED894 /* CGImage+CVPixelBuffer.swift */ = {isa = PBXFileReference; fileEncoding = 4; lastKnownFileType = sourcecode.swift; path = "CGImage+CVPixelBuffer.swift"; sourceTree = "<group>"; };
		E6E36A8F23663E94005ED894 /* Pictures */ = {isa = PBXFileReference; lastKnownFileType = folder; path = Pictures; sourceTree = "<group>"; };
		E6E36A92236640CC005ED894 /* Model.mlmodel */ = {isa = PBXFileReference; lastKnownFileType = file.mlmodel; path = Model.mlmodel; sourceTree = "<group>"; };
		E6E36A952366410F005ED894 /* DSSLIC-Bridging-Header.h */ = {isa = PBXFileReference; lastKnownFileType = sourcecode.c.h; path = "DSSLIC-Bridging-Header.h"; sourceTree = "<group>"; };
		E6E36A9623664110005ED894 /* SSIM.m */ = {isa = PBXFileReference; fileEncoding = 4; lastKnownFileType = sourcecode.c.objc; path = SSIM.m; sourceTree = "<group>"; };
		EC0C85A7CF03296C7F4CA5F6 /* Pods-DSSLIC.debug.xcconfig */ = {isa = PBXFileReference; includeInIndex = 1; lastKnownFileType = text.xcconfig; name = "Pods-DSSLIC.debug.xcconfig"; path = "Target Support Files/Pods-DSSLIC/Pods-DSSLIC.debug.xcconfig"; sourceTree = "<group>"; };
		FFD803F6296D5BE47E597DE1 /* Pods_DSSLICUITests.framework */ = {isa = PBXFileReference; explicitFileType = wrapper.framework; includeInIndex = 0; path = Pods_DSSLICUITests.framework; sourceTree = BUILT_PRODUCTS_DIR; };
/* End PBXFileReference section */

/* Begin PBXFrameworksBuildPhase section */
		E6E36A5023663DF2005ED894 /* Frameworks */ = {
			isa = PBXFrameworksBuildPhase;
			buildActionMask = 2147483647;
			files = (
				08E26EAA2804C99184457697 /* Pods_DSSLIC.framework in Frameworks */,
			);
			runOnlyForDeploymentPostprocessing = 0;
		};
		E6E36A6423663DF4005ED894 /* Frameworks */ = {
			isa = PBXFrameworksBuildPhase;
			buildActionMask = 2147483647;
			files = (
				C65E5B6099CFACC405B5D638 /* Pods_DSSLICTests.framework in Frameworks */,
			);
			runOnlyForDeploymentPostprocessing = 0;
		};
		E6E36A6F23663DF4005ED894 /* Frameworks */ = {
			isa = PBXFrameworksBuildPhase;
			buildActionMask = 2147483647;
			files = (
				A2F60E2055CCE881A409303E /* Pods_DSSLICUITests.framework in Frameworks */,
			);
			runOnlyForDeploymentPostprocessing = 0;
		};
/* End PBXFrameworksBuildPhase section */

/* Begin PBXGroup section */
		1ED56949A24001FB879EBB0E /* Frameworks */ = {
			isa = PBXGroup;
			children = (
				2C146FCFB1F3A354FDA4A04F /* Pods_DSSLIC.framework */,
				A7635657968292CFF82CDC01 /* Pods_DSSLICTests.framework */,
				FFD803F6296D5BE47E597DE1 /* Pods_DSSLICUITests.framework */,
			);
			name = Frameworks;
			sourceTree = "<group>";
		};
		94B6CF358BD6D5AFE6011499 /* Pods */ = {
			isa = PBXGroup;
			children = (
				EC0C85A7CF03296C7F4CA5F6 /* Pods-DSSLIC.debug.xcconfig */,
				CC0469995A70E4CC135740DF /* Pods-DSSLIC.release.xcconfig */,
				521987A803FB04134DA0485A /* Pods-DSSLICTests.debug.xcconfig */,
				C9D646605507BBEFB57E97EE /* Pods-DSSLICTests.release.xcconfig */,
				01A551F701073B2ABCB13B67 /* Pods-DSSLICUITests.debug.xcconfig */,
				6CE6BF916DD595AFAED625C6 /* Pods-DSSLICUITests.release.xcconfig */,
			);
			path = Pods;
			sourceTree = "<group>";
		};
		E6E36A4A23663DF2005ED894 = {
			isa = PBXGroup;
			children = (
				E6E36A5523663DF2005ED894 /* DSSLIC */,
				E6E36A6A23663DF4005ED894 /* DSSLICTests */,
				E6E36A7523663DF4005ED894 /* DSSLICUITests */,
				E6E36A5423663DF2005ED894 /* Products */,
				94B6CF358BD6D5AFE6011499 /* Pods */,
				1ED56949A24001FB879EBB0E /* Frameworks */,
			);
			sourceTree = "<group>";
		};
		E6E36A5423663DF2005ED894 /* Products */ = {
			isa = PBXGroup;
			children = (
				E6E36A5323663DF2005ED894 /* DSSLIC.app */,
				E6E36A6723663DF4005ED894 /* DSSLICTests.xctest */,
				E6E36A7223663DF4005ED894 /* DSSLICUITests.xctest */,
			);
			name = Products;
			sourceTree = "<group>";
		};
		E6E36A5523663DF2005ED894 /* DSSLIC */ = {
			isa = PBXGroup;
			children = (
				E6E36A5623663DF2005ED894 /* AppDelegate.swift */,
				E6E36A8823663E52005ED894 /* CGImage+CVPixelBuffer.swift */,
				E6E36A8723663E52005ED894 /* RGBAImage.swift */,
				E6E36A8623663E52005ED894 /* SecondViewController.swift */,
				E6E36A8423663E51005ED894 /* UIImage+CVPixelBuffer.swift */,
				E6E36A92236640CC005ED894 /* Model.mlmodel */,
				E6E36A9623664110005ED894 /* SSIM.m */,
				E6E36A5823663DF2005ED894 /* FirstViewController.swift */,
				E6E36A5A23663DF2005ED894 /* Main.storyboard */,
				E6E36A5D23663DF4005ED894 /* Assets.xcassets */,
				E6E36A8F23663E94005ED894 /* Pictures */,
				E6E36A5F23663DF4005ED894 /* LaunchScreen.storyboard */,
				E6E36A6223663DF4005ED894 /* Info.plist */,
				E6E36A952366410F005ED894 /* DSSLIC-Bridging-Header.h */,
			);
			path = DSSLIC;
			sourceTree = "<group>";
		};
		E6E36A6A23663DF4005ED894 /* DSSLICTests */ = {
			isa = PBXGroup;
			children = (
				E6E36A6B23663DF4005ED894 /* DSSLICTests.swift */,
				E6E36A6D23663DF4005ED894 /* Info.plist */,
			);
			path = DSSLICTests;
			sourceTree = "<group>";
		};
		E6E36A7523663DF4005ED894 /* DSSLICUITests */ = {
			isa = PBXGroup;
			children = (
				E6E36A7623663DF4005ED894 /* DSSLICUITests.swift */,
				E6E36A7823663DF4005ED894 /* Info.plist */,
			);
			path = DSSLICUITests;
			sourceTree = "<group>";
		};
/* End PBXGroup section */

/* Begin PBXNativeTarget section */
		E6E36A5223663DF2005ED894 /* DSSLIC */ = {
			isa = PBXNativeTarget;
			buildConfigurationList = E6E36A7B23663DF4005ED894 /* Build configuration list for PBXNativeTarget "DSSLIC" */;
			buildPhases = (
				2BFBC64D08CD6843D354E38F /* [CP] Check Pods Manifest.lock */,
				E6E36A4F23663DF2005ED894 /* Sources */,
				E6E36A5023663DF2005ED894 /* Frameworks */,
				E6E36A5123663DF2005ED894 /* Resources */,
				8A0A1633472F26A4F68BA46D /* [CP] Embed Pods Frameworks */,
			);
			buildRules = (
			);
			dependencies = (
			);
			name = DSSLIC;
			productName = DSSLIC;
			productReference = E6E36A5323663DF2005ED894 /* DSSLIC.app */;
			productType = "com.apple.product-type.application";
		};
		E6E36A6623663DF4005ED894 /* DSSLICTests */ = {
			isa = PBXNativeTarget;
			buildConfigurationList = E6E36A7E23663DF4005ED894 /* Build configuration list for PBXNativeTarget "DSSLICTests" */;
			buildPhases = (
				4E27543ADA176ADC46FBD614 /* [CP] Check Pods Manifest.lock */,
				E6E36A6323663DF4005ED894 /* Sources */,
				E6E36A6423663DF4005ED894 /* Frameworks */,
				E6E36A6523663DF4005ED894 /* Resources */,
			);
			buildRules = (
			);
			dependencies = (
				E6E36A6923663DF4005ED894 /* PBXTargetDependency */,
			);
			name = DSSLICTests;
			productName = DSSLICTests;
			productReference = E6E36A6723663DF4005ED894 /* DSSLICTests.xctest */;
			productType = "com.apple.product-type.bundle.unit-test";
		};
		E6E36A7123663DF4005ED894 /* DSSLICUITests */ = {
			isa = PBXNativeTarget;
			buildConfigurationList = E6E36A8123663DF4005ED894 /* Build configuration list for PBXNativeTarget "DSSLICUITests" */;
			buildPhases = (
				D7941048EDD3A1E997D1D0A9 /* [CP] Check Pods Manifest.lock */,
				E6E36A6E23663DF4005ED894 /* Sources */,
				E6E36A6F23663DF4005ED894 /* Frameworks */,
				E6E36A7023663DF4005ED894 /* Resources */,
			);
			buildRules = (
			);
			dependencies = (
				E6E36A7423663DF4005ED894 /* PBXTargetDependency */,
			);
			name = DSSLICUITests;
			productName = DSSLICUITests;
			productReference = E6E36A7223663DF4005ED894 /* DSSLICUITests.xctest */;
			productType = "com.apple.product-type.bundle.ui-testing";
		};
/* End PBXNativeTarget section */

/* Begin PBXProject section */
		E6E36A4B23663DF2005ED894 /* Project object */ = {
			isa = PBXProject;
			attributes = {
				LastSwiftUpdateCheck = 1020;
				LastUpgradeCheck = 1020;
				ORGANIZATIONNAME = SFU;
				TargetAttributes = {
					E6E36A5223663DF2005ED894 = {
						CreatedOnToolsVersion = 10.2.1;
						LastSwiftMigration = 1020;
					};
					E6E36A6623663DF4005ED894 = {
						CreatedOnToolsVersion = 10.2.1;
						TestTargetID = E6E36A5223663DF2005ED894;
					};
					E6E36A7123663DF4005ED894 = {
						CreatedOnToolsVersion = 10.2.1;
						TestTargetID = E6E36A5223663DF2005ED894;
					};
				};
			};
			buildConfigurationList = E6E36A4E23663DF2005ED894 /* Build configuration list for PBXProject "DSSLIC" */;
			compatibilityVersion = "Xcode 9.3";
			developmentRegion = en;
			hasScannedForEncodings = 0;
			knownRegions = (
				en,
				Base,
			);
			mainGroup = E6E36A4A23663DF2005ED894;
			productRefGroup = E6E36A5423663DF2005ED894 /* Products */;
			projectDirPath = "";
			projectRoot = "";
			targets = (
				E6E36A5223663DF2005ED894 /* DSSLIC */,
				E6E36A6623663DF4005ED894 /* DSSLICTests */,
				E6E36A7123663DF4005ED894 /* DSSLICUITests */,
			);
		};
/* End PBXProject section */

/* Begin PBXResourcesBuildPhase section */
		E6E36A5123663DF2005ED894 /* Resources */ = {
			isa = PBXResourcesBuildPhase;
			buildActionMask = 2147483647;
			files = (
				E6E36A6123663DF4005ED894 /* LaunchScreen.storyboard in Resources */,
				E6E36A5E23663DF4005ED894 /* Assets.xcassets in Resources */,
				E6E36A5C23663DF2005ED894 /* Main.storyboard in Resources */,
				E6E36A9023663E95005ED894 /* Pictures in Resources */,
			);
			runOnlyForDeploymentPostprocessing = 0;
		};
		E6E36A6523663DF4005ED894 /* Resources */ = {
			isa = PBXResourcesBuildPhase;
			buildActionMask = 2147483647;
			files = (
			);
			runOnlyForDeploymentPostprocessing = 0;
		};
		E6E36A7023663DF4005ED894 /* Resources */ = {
			isa = PBXResourcesBuildPhase;
			buildActionMask = 2147483647;
			files = (
			);
			runOnlyForDeploymentPostprocessing = 0;
		};
/* End PBXResourcesBuildPhase section */

/* Begin PBXShellScriptBuildPhase section */
		2BFBC64D08CD6843D354E38F /* [CP] Check Pods Manifest.lock */ = {
			isa = PBXShellScriptBuildPhase;
			buildActionMask = 2147483647;
			files = (
			);
			inputFileListPaths = (
			);
			inputPaths = (
				"${PODS_PODFILE_DIR_PATH}/Podfile.lock",
				"${PODS_ROOT}/Manifest.lock",
			);
			name = "[CP] Check Pods Manifest.lock";
			outputFileListPaths = (
			);
			outputPaths = (
				"$(DERIVED_FILE_DIR)/Pods-DSSLIC-checkManifestLockResult.txt",
			);
			runOnlyForDeploymentPostprocessing = 0;
			shellPath = /bin/sh;
			shellScript = "diff \"${PODS_PODFILE_DIR_PATH}/Podfile.lock\" \"${PODS_ROOT}/Manifest.lock\" > /dev/null\nif [ $? != 0 ] ; then\n    # print error to STDERR\n    echo \"error: The sandbox is not in sync with the Podfile.lock. Run 'pod install' or update your CocoaPods installation.\" >&2\n    exit 1\nfi\n# This output is used by Xcode 'outputs' to avoid re-running this script phase.\necho \"SUCCESS\" > \"${SCRIPT_OUTPUT_FILE_0}\"\n";
			showEnvVarsInLog = 0;
		};
		4E27543ADA176ADC46FBD614 /* [CP] Check Pods Manifest.lock */ = {
			isa = PBXShellScriptBuildPhase;
			buildActionMask = 2147483647;
			files = (
			);
			inputFileListPaths = (
			);
			inputPaths = (
				"${PODS_PODFILE_DIR_PATH}/Podfile.lock",
				"${PODS_ROOT}/Manifest.lock",
			);
			name = "[CP] Check Pods Manifest.lock";
			outputFileListPaths = (
			);
			outputPaths = (
				"$(DERIVED_FILE_DIR)/Pods-DSSLICTests-checkManifestLockResult.txt",
			);
			runOnlyForDeploymentPostprocessing = 0;
			shellPath = /bin/sh;
			shellScript = "diff \"${PODS_PODFILE_DIR_PATH}/Podfile.lock\" \"${PODS_ROOT}/Manifest.lock\" > /dev/null\nif [ $? != 0 ] ; then\n    # print error to STDERR\n    echo \"error: The sandbox is not in sync with the Podfile.lock. Run 'pod install' or update your CocoaPods installation.\" >&2\n    exit 1\nfi\n# This output is used by Xcode 'outputs' to avoid re-running this script phase.\necho \"SUCCESS\" > \"${SCRIPT_OUTPUT_FILE_0}\"\n";
			showEnvVarsInLog = 0;
		};
		8A0A1633472F26A4F68BA46D /* [CP] Embed Pods Frameworks */ = {
			isa = PBXShellScriptBuildPhase;
			buildActionMask = 2147483647;
			files = (
			);
			inputFileListPaths = (
				"${PODS_ROOT}/Target Support Files/Pods-DSSLIC/Pods-DSSLIC-frameworks-${CONFIGURATION}-input-files.xcfilelist",
			);
			name = "[CP] Embed Pods Frameworks";
			outputFileListPaths = (
				"${PODS_ROOT}/Target Support Files/Pods-DSSLIC/Pods-DSSLIC-frameworks-${CONFIGURATION}-output-files.xcfilelist",
			);
			runOnlyForDeploymentPostprocessing = 0;
			shellPath = /bin/sh;
			shellScript = "\"${PODS_ROOT}/Target Support Files/Pods-DSSLIC/Pods-DSSLIC-frameworks.sh\"\n";
			showEnvVarsInLog = 0;
		};
		D7941048EDD3A1E997D1D0A9 /* [CP] Check Pods Manifest.lock */ = {
			isa = PBXShellScriptBuildPhase;
			buildActionMask = 2147483647;
			files = (
			);
			inputFileListPaths = (
			);
			inputPaths = (
				"${PODS_PODFILE_DIR_PATH}/Podfile.lock",
				"${PODS_ROOT}/Manifest.lock",
			);
			name = "[CP] Check Pods Manifest.lock";
			outputFileListPaths = (
			);
			outputPaths = (
				"$(DERIVED_FILE_DIR)/Pods-DSSLICUITests-checkManifestLockResult.txt",
			);
			runOnlyForDeploymentPostprocessing = 0;
			shellPath = /bin/sh;
			shellScript = "diff \"${PODS_PODFILE_DIR_PATH}/Podfile.lock\" \"${PODS_ROOT}/Manifest.lock\" > /dev/null\nif [ $? != 0 ] ; then\n    # print error to STDERR\n    echo \"error: The sandbox is not in sync with the Podfile.lock. Run 'pod install' or update your CocoaPods installation.\" >&2\n    exit 1\nfi\n# This output is used by Xcode 'outputs' to avoid re-running this script phase.\necho \"SUCCESS\" > \"${SCRIPT_OUTPUT_FILE_0}\"\n";
			showEnvVarsInLog = 0;
		};
/* End PBXShellScriptBuildPhase section */

/* Begin PBXSourcesBuildPhase section */
		E6E36A4F23663DF2005ED894 /* Sources */ = {
			isa = PBXSourcesBuildPhase;
			buildActionMask = 2147483647;
			files = (
				E6E36A8B23663E52005ED894 /* RGBAImage.swift in Sources */,
				E6E36A8A23663E52005ED894 /* SecondViewController.swift in Sources */,
				E6E36A5923663DF2005ED894 /* FirstViewController.swift in Sources */,
				E6E36A8C23663E52005ED894 /* CGImage+CVPixelBuffer.swift in Sources */,
				E6E36A8923663E52005ED894 /* UIImage+CVPixelBuffer.swift in Sources */,
				E6E36A9723664110005ED894 /* SSIM.m in Sources */,
				E6E36A5723663DF2005ED894 /* AppDelegate.swift in Sources */,
				E6E36A94236640CC005ED894 /* Model.mlmodel in Sources */,
			);
			runOnlyForDeploymentPostprocessing = 0;
		};
		E6E36A6323663DF4005ED894 /* Sources */ = {
			isa = PBXSourcesBuildPhase;
			buildActionMask = 2147483647;
			files = (
				E6E36A6C23663DF4005ED894 /* DSSLICTests.swift in Sources */,
			);
			runOnlyForDeploymentPostprocessing = 0;
		};
		E6E36A6E23663DF4005ED894 /* Sources */ = {
			isa = PBXSourcesBuildPhase;
			buildActionMask = 2147483647;
			files = (
				E6E36A7723663DF4005ED894 /* DSSLICUITests.swift in Sources */,
			);
			runOnlyForDeploymentPostprocessing = 0;
		};
/* End PBXSourcesBuildPhase section */

/* Begin PBXTargetDependency section */
		E6E36A6923663DF4005ED894 /* PBXTargetDependency */ = {
			isa = PBXTargetDependency;
			target = E6E36A5223663DF2005ED894 /* DSSLIC */;
			targetProxy = E6E36A6823663DF4005ED894 /* PBXContainerItemProxy */;
		};
		E6E36A7423663DF4005ED894 /* PBXTargetDependency */ = {
			isa = PBXTargetDependency;
			target = E6E36A5223663DF2005ED894 /* DSSLIC */;
			targetProxy = E6E36A7323663DF4005ED894 /* PBXContainerItemProxy */;
		};
/* End PBXTargetDependency section */

/* Begin PBXVariantGroup section */
		E6E36A5A23663DF2005ED894 /* Main.storyboard */ = {
			isa = PBXVariantGroup;
			children = (
				E6E36A5B23663DF2005ED894 /* Base */,
			);
			name = Main.storyboard;
			sourceTree = "<group>";
		};
		E6E36A5F23663DF4005ED894 /* LaunchScreen.storyboard */ = {
			isa = PBXVariantGroup;
			children = (
				E6E36A6023663DF4005ED894 /* Base */,
			);
			name = LaunchScreen.storyboard;
			sourceTree = "<group>";
		};
/* End PBXVariantGroup section */

/* Begin XCBuildConfiguration section */
		E6E36A7923663DF4005ED894 /* Debug */ = {
			isa = XCBuildConfiguration;
			buildSettings = {
				ALWAYS_SEARCH_USER_PATHS = NO;
				CLANG_ANALYZER_NONNULL = YES;
				CLANG_ANALYZER_NUMBER_OBJECT_CONVERSION = YES_AGGRESSIVE;
				CLANG_CXX_LANGUAGE_STANDARD = "gnu++14";
				CLANG_CXX_LIBRARY = "libc++";
				CLANG_ENABLE_MODULES = YES;
				CLANG_ENABLE_OBJC_ARC = YES;
				CLANG_ENABLE_OBJC_WEAK = YES;
				CLANG_WARN_BLOCK_CAPTURE_AUTORELEASING = YES;
				CLANG_WARN_BOOL_CONVERSION = YES;
				CLANG_WARN_COMMA = YES;
				CLANG_WARN_CONSTANT_CONVERSION = YES;
				CLANG_WARN_DEPRECATED_OBJC_IMPLEMENTATIONS = YES;
				CLANG_WARN_DIRECT_OBJC_ISA_USAGE = YES_ERROR;
				CLANG_WARN_DOCUMENTATION_COMMENTS = YES;
				CLANG_WARN_EMPTY_BODY = YES;
				CLANG_WARN_ENUM_CONVERSION = YES;
				CLANG_WARN_INFINITE_RECURSION = YES;
				CLANG_WARN_INT_CONVERSION = YES;
				CLANG_WARN_NON_LITERAL_NULL_CONVERSION = YES;
				CLANG_WARN_OBJC_IMPLICIT_RETAIN_SELF = YES;
				CLANG_WARN_OBJC_LITERAL_CONVERSION = YES;
				CLANG_WARN_OBJC_ROOT_CLASS = YES_ERROR;
				CLANG_WARN_RANGE_LOOP_ANALYSIS = YES;
				CLANG_WARN_STRICT_PROTOTYPES = YES;
				CLANG_WARN_SUSPICIOUS_MOVE = YES;
				CLANG_WARN_UNGUARDED_AVAILABILITY = YES_AGGRESSIVE;
				CLANG_WARN_UNREACHABLE_CODE = YES;
				CLANG_WARN__DUPLICATE_METHOD_MATCH = YES;
				CODE_SIGN_IDENTITY = "iPhone Developer";
				COPY_PHASE_STRIP = NO;
				DEBUG_INFORMATION_FORMAT = dwarf;
				ENABLE_STRICT_OBJC_MSGSEND = YES;
				ENABLE_TESTABILITY = YES;
				GCC_C_LANGUAGE_STANDARD = gnu11;
				GCC_DYNAMIC_NO_PIC = NO;
				GCC_NO_COMMON_BLOCKS = YES;
				GCC_OPTIMIZATION_LEVEL = 0;
				GCC_PREPROCESSOR_DEFINITIONS = (
					"DEBUG=1",
					"$(inherited)",
				);
				GCC_WARN_64_TO_32_BIT_CONVERSION = YES;
				GCC_WARN_ABOUT_RETURN_TYPE = YES_ERROR;
				GCC_WARN_UNDECLARED_SELECTOR = YES;
				GCC_WARN_UNINITIALIZED_AUTOS = YES_AGGRESSIVE;
				GCC_WARN_UNUSED_FUNCTION = YES;
				GCC_WARN_UNUSED_VARIABLE = YES;
				IPHONEOS_DEPLOYMENT_TARGET = 12.2;
				MTL_ENABLE_DEBUG_INFO = INCLUDE_SOURCE;
				MTL_FAST_MATH = YES;
				ONLY_ACTIVE_ARCH = YES;
				SDKROOT = iphoneos;
				SWIFT_ACTIVE_COMPILATION_CONDITIONS = DEBUG;
				SWIFT_OPTIMIZATION_LEVEL = "-Onone";
			};
			name = Debug;
		};
		E6E36A7A23663DF4005ED894 /* Release */ = {
			isa = XCBuildConfiguration;
			buildSettings = {
				ALWAYS_SEARCH_USER_PATHS = NO;
				CLANG_ANALYZER_NONNULL = YES;
				CLANG_ANALYZER_NUMBER_OBJECT_CONVERSION = YES_AGGRESSIVE;
				CLANG_CXX_LANGUAGE_STANDARD = "gnu++14";
				CLANG_CXX_LIBRARY = "libc++";
				CLANG_ENABLE_MODULES = YES;
				CLANG_ENABLE_OBJC_ARC = YES;
				CLANG_ENABLE_OBJC_WEAK = YES;
				CLANG_WARN_BLOCK_CAPTURE_AUTORELEASING = YES;
				CLANG_WARN_BOOL_CONVERSION = YES;
				CLANG_WARN_COMMA = YES;
				CLANG_WARN_CONSTANT_CONVERSION = YES;
				CLANG_WARN_DEPRECATED_OBJC_IMPLEMENTATIONS = YES;
				CLANG_WARN_DIRECT_OBJC_ISA_USAGE = YES_ERROR;
				CLANG_WARN_DOCUMENTATION_COMMENTS = YES;
				CLANG_WARN_EMPTY_BODY = YES;
				CLANG_WARN_ENUM_CONVERSION = YES;
				CLANG_WARN_INFINITE_RECURSION = YES;
				CLANG_WARN_INT_CONVERSION = YES;
				CLANG_WARN_NON_LITERAL_NULL_CONVERSION = YES;
				CLANG_WARN_OBJC_IMPLICIT_RETAIN_SELF = YES;
				CLANG_WARN_OBJC_LITERAL_CONVERSION = YES;
				CLANG_WARN_OBJC_ROOT_CLASS = YES_ERROR;
				CLANG_WARN_RANGE_LOOP_ANALYSIS = YES;
				CLANG_WARN_STRICT_PROTOTYPES = YES;
				CLANG_WARN_SUSPICIOUS_MOVE = YES;
				CLANG_WARN_UNGUARDED_AVAILABILITY = YES_AGGRESSIVE;
				CLANG_WARN_UNREACHABLE_CODE = YES;
				CLANG_WARN__DUPLICATE_METHOD_MATCH = YES;
				CODE_SIGN_IDENTITY = "iPhone Developer";
				COPY_PHASE_STRIP = NO;
				DEBUG_INFORMATION_FORMAT = "dwarf-with-dsym";
				ENABLE_NS_ASSERTIONS = NO;
				ENABLE_STRICT_OBJC_MSGSEND = YES;
				GCC_C_LANGUAGE_STANDARD = gnu11;
				GCC_NO_COMMON_BLOCKS = YES;
				GCC_WARN_64_TO_32_BIT_CONVERSION = YES;
				GCC_WARN_ABOUT_RETURN_TYPE = YES_ERROR;
				GCC_WARN_UNDECLARED_SELECTOR = YES;
				GCC_WARN_UNINITIALIZED_AUTOS = YES_AGGRESSIVE;
				GCC_WARN_UNUSED_FUNCTION = YES;
				GCC_WARN_UNUSED_VARIABLE = YES;
				IPHONEOS_DEPLOYMENT_TARGET = 12.2;
				MTL_ENABLE_DEBUG_INFO = NO;
				MTL_FAST_MATH = YES;
				SDKROOT = iphoneos;
				SWIFT_COMPILATION_MODE = wholemodule;
				SWIFT_OPTIMIZATION_LEVEL = "-O";
				VALIDATE_PRODUCT = YES;
			};
			name = Release;
		};
		E6E36A7C23663DF4005ED894 /* Debug */ = {
			isa = XCBuildConfiguration;
			baseConfigurationReference = EC0C85A7CF03296C7F4CA5F6 /* Pods-DSSLIC.debug.xcconfig */;
			buildSettings = {
				ASSETCATALOG_COMPILER_APPICON_NAME = AppIcon;
				CLANG_ENABLE_MODULES = YES;
				CODE_SIGN_STYLE = Automatic;
				DEVELOPMENT_TEAM = 5J25Q69SAB;
				INFOPLIST_FILE = DSSLIC/Info.plist;
				LD_RUNPATH_SEARCH_PATHS = (
					"$(inherited)",
					"@executable_path/Frameworks",
				);
				PRODUCT_BUNDLE_IDENTIFIER = SFU.DSSLIC;
				PRODUCT_NAME = "$(TARGET_NAME)";
				SWIFT_OBJC_BRIDGING_HEADER = "DSSLIC/DSSLIC-Bridging-Header.h";
				SWIFT_OPTIMIZATION_LEVEL = "-Onone";
				SWIFT_VERSION = 5.0;
				TARGETED_DEVICE_FAMILY = "1,2";
			};
			name = Debug;
		};
		E6E36A7D23663DF4005ED894 /* Release */ = {
			isa = XCBuildConfiguration;
			baseConfigurationReference = CC0469995A70E4CC135740DF /* Pods-DSSLIC.release.xcconfig */;
			buildSettings = {
				ASSETCATALOG_COMPILER_APPICON_NAME = AppIcon;
				CLANG_ENABLE_MODULES = YES;
				CODE_SIGN_STYLE = Automatic;
				DEVELOPMENT_TEAM = 5J25Q69SAB;
				INFOPLIST_FILE = DSSLIC/Info.plist;
				LD_RUNPATH_SEARCH_PATHS = (
					"$(inherited)",
					"@executable_path/Frameworks",
				);
				PRODUCT_BUNDLE_IDENTIFIER = SFU.DSSLIC;
				PRODUCT_NAME = "$(TARGET_NAME)";
				SWIFT_OBJC_BRIDGING_HEADER = "DSSLIC/DSSLIC-Bridging-Header.h";
				SWIFT_VERSION = 5.0;
				TARGETED_DEVICE_FAMILY = "1,2";
			};
			name = Release;
		};
		E6E36A7F23663DF4005ED894 /* Debug */ = {
			isa = XCBuildConfiguration;
			baseConfigurationReference = 521987A803FB04134DA0485A /* Pods-DSSLICTests.debug.xcconfig */;
			buildSettings = {
				ALWAYS_EMBED_SWIFT_STANDARD_LIBRARIES = YES;
				BUNDLE_LOADER = "$(TEST_HOST)";
				CODE_SIGN_STYLE = Automatic;
				DEVELOPMENT_TEAM = 5J25Q69SAB;
				INFOPLIST_FILE = DSSLICTests/Info.plist;
				LD_RUNPATH_SEARCH_PATHS = (
					"$(inherited)",
					"@executable_path/Frameworks",
					"@loader_path/Frameworks",
				);
				PRODUCT_BUNDLE_IDENTIFIER = SFU.DSSLICTests;
				PRODUCT_NAME = "$(TARGET_NAME)";
				SWIFT_VERSION = 5.0;
				TARGETED_DEVICE_FAMILY = "1,2";
				TEST_HOST = "$(BUILT_PRODUCTS_DIR)/DSSLIC.app/DSSLIC";
			};
			name = Debug;
		};
		E6E36A8023663DF4005ED894 /* Release */ = {
			isa = XCBuildConfiguration;
			baseConfigurationReference = C9D646605507BBEFB57E97EE /* Pods-DSSLICTests.release.xcconfig */;
			buildSettings = {
				ALWAYS_EMBED_SWIFT_STANDARD_LIBRARIES = YES;
				BUNDLE_LOADER = "$(TEST_HOST)";
				CODE_SIGN_STYLE = Automatic;
				DEVELOPMENT_TEAM = 5J25Q69SAB;
				INFOPLIST_FILE = DSSLICTests/Info.plist;
				LD_RUNPATH_SEARCH_PATHS = (
					"$(inherited)",
					"@executable_path/Frameworks",
					"@loader_path/Frameworks",
				);
				PRODUCT_BUNDLE_IDENTIFIER = SFU.DSSLICTests;
				PRODUCT_NAME = "$(TARGET_NAME)";
				SWIFT_VERSION = 5.0;
				TARGETED_DEVICE_FAMILY = "1,2";
				TEST_HOST = "$(BUILT_PRODUCTS_DIR)/DSSLIC.app/DSSLIC";
			};
			name = Release;
		};
		E6E36A8223663DF4005ED894 /* Debug */ = {
			isa = XCBuildConfiguration;
			baseConfigurationReference = 01A551F701073B2ABCB13B67 /* Pods-DSSLICUITests.debug.xcconfig */;
			buildSettings = {
				ALWAYS_EMBED_SWIFT_STANDARD_LIBRARIES = YES;
				CODE_SIGN_STYLE = Automatic;
				DEVELOPMENT_TEAM = 5J25Q69SAB;
				INFOPLIST_FILE = DSSLICUITests/Info.plist;
				LD_RUNPATH_SEARCH_PATHS = (
					"$(inherited)",
					"@executable_path/Frameworks",
					"@loader_path/Frameworks",
				);
				PRODUCT_BUNDLE_IDENTIFIER = SFU.DSSLICUITests;
				PRODUCT_NAME = "$(TARGET_NAME)";
				SWIFT_VERSION = 5.0;
				TARGETED_DEVICE_FAMILY = "1,2";
				TEST_TARGET_NAME = DSSLIC;
			};
			name = Debug;
		};
		E6E36A8323663DF4005ED894 /* Release */ = {
			isa = XCBuildConfiguration;
			baseConfigurationReference = 6CE6BF916DD595AFAED625C6 /* Pods-DSSLICUITests.release.xcconfig */;
			buildSettings = {
				ALWAYS_EMBED_SWIFT_STANDARD_LIBRARIES = YES;
				CODE_SIGN_STYLE = Automatic;
				DEVELOPMENT_TEAM = 5J25Q69SAB;
				INFOPLIST_FILE = DSSLICUITests/Info.plist;
				LD_RUNPATH_SEARCH_PATHS = (
					"$(inherited)",
					"@executable_path/Frameworks",
					"@loader_path/Frameworks",
				);
				PRODUCT_BUNDLE_IDENTIFIER = SFU.DSSLICUITests;
				PRODUCT_NAME = "$(TARGET_NAME)";
				SWIFT_VERSION = 5.0;
				TARGETED_DEVICE_FAMILY = "1,2";
				TEST_TARGET_NAME = DSSLIC;
			};
			name = Release;
		};
/* End XCBuildConfiguration section */

/* Begin XCConfigurationList section */
		E6E36A4E23663DF2005ED894 /* Build configuration list for PBXProject "DSSLIC" */ = {
			isa = XCConfigurationList;
			buildConfigurations = (
				E6E36A7923663DF4005ED894 /* Debug */,
				E6E36A7A23663DF4005ED894 /* Release */,
			);
			defaultConfigurationIsVisible = 0;
			defaultConfigurationName = Release;
		};
		E6E36A7B23663DF4005ED894 /* Build configuration list for PBXNativeTarget "DSSLIC" */ = {
			isa = XCConfigurationList;
			buildConfigurations = (
				E6E36A7C23663DF4005ED894 /* Debug */,
				E6E36A7D23663DF4005ED894 /* Release */,
			);
			defaultConfigurationIsVisible = 0;
			defaultConfigurationName = Release;
		};
		E6E36A7E23663DF4005ED894 /* Build configuration list for PBXNativeTarget "DSSLICTests" */ = {
			isa = XCConfigurationList;
			buildConfigurations = (
				E6E36A7F23663DF4005ED894 /* Debug */,
				E6E36A8023663DF4005ED894 /* Release */,
			);
			defaultConfigurationIsVisible = 0;
			defaultConfigurationName = Release;
		};
		E6E36A8123663DF4005ED894 /* Build configuration list for PBXNativeTarget "DSSLICUITests" */ = {
			isa = XCConfigurationList;
			buildConfigurations = (
				E6E36A8223663DF4005ED894 /* Debug */,
				E6E36A8323663DF4005ED894 /* Release */,
			);
			defaultConfigurationIsVisible = 0;
			defaultConfigurationName = Release;
		};
/* End XCConfigurationList section */
	};
	rootObject = E6E36A4B23663DF2005ED894 /* Project object */;
}
